
Microsoft Visual Studio Solution File, Format Version 12.00
# Visual Studio 14
VisualStudioVersion = 14.0.23107.0
MinimumVisualStudioVersion = 10.0.40219.1
Project("{8BC9CEB8-8B4A-11D0-8D11-00A0C91BC942}") = "helloworld", "ConsoleApplication1\ConsoleApplication1.vcxproj", "{CE9C977A-4EDC-4ED8-8AC0-CBDBC08B0944}"
EndProject
Project("{8BC9CEB8-8B4A-11D0-8D11-00A0C91BC942}") = "H01T01-pos ja neg kokonaisluvut", "H01T01-pos ja neg kokonaisluvut\H01T01-pos ja neg kokonaisluvut.vcxproj", "{BFD42A59-EBCA-4BA3-8068-F7EAA193674E}"
EndProject
Project("{8BC9CEB8-8B4A-11D0-8D11-00A0C91BC942}") = "H01T02", "H01T02\H01T02.vcxproj", "{73BFAC6B-C56D-4124-B286-160B2A16735E}"
EndProject
Project("{8BC9CEB8-8B4A-11D0-8D11-00A0C91BC942}") = "H02T01", "H02T01\H02T01.vcxproj", "{BCF0810F-C7D1-4FB9-B680-B7120FC7E13F}"
EndProject
Project("{8BC9CEB8-8B4A-11D0-8D11-00A0C91BC942}") = "H03T01", "H03T01\H03T01.vcxproj", "{64AAE871-F2DB-4120-BCBF-290F8868C7A3}"
EndProject
Project("{8BC9CEB8-8B4A-11D0-8D11-00A0C91BC942}") = "H03T02", "H03T02\H03T02.vcxproj", "{EF21FA05-78BD-49DB-9CAB-49A5B59D736A}"
EndProject
Project("{8BC9CEB8-8B4A-11D0-8D11-00A0C91BC942}") = "H03T03", "H03T03\H03T03.vcxproj", "{C8BA33F6-125C-4D05-A1D2-C7A9FF4B90C1}"
EndProject
Project("{8BC9CEB8-8B4A-11D0-8D11-00A0C91BC942}") = "H04T01", "H04T01\H04T01.vcxproj", "{9EAA9043-7548-44D0-9B1B-A5914A71C1AC}"
EndProject
Project("{8BC9CEB8-8B4A-11D0-8D11-00A0C91BC942}") = "H04T02", "H04T02\H04T02.vcxproj", "{8F9490F6-F2B1-42BE-B000-750A501F479C}"
EndProject
Project("{8BC9CEB8-8B4A-11D0-8D11-00A0C91BC942}") = "sfml-try", "sfml-try\sfml-try.vcxproj", "{1E066695-0B4C-480C-A537-5B4AC893171F}"
EndProject
Project("{8BC9CEB8-8B4A-11D0-8D11-00A0C91BC942}") = "H06T01", "H06T01\H06T01.vcxproj", "{FD9D96C4-1333-468F-8878-01369CD55B7A}"
EndProject
Project("{8BC9CEB8-8B4A-11D0-8D11-00A0C91BC942}") = "H06T02", "H06T02\H06T02.vcxproj", "{C2E9D5B0-D801-4D28-9937-D1A41D27821C}"
EndProject
Project("{8BC9CEB8-8B4A-11D0-8D11-00A0C91BC942}") = "H07T01", "H07T01\H07T01.vcxproj", "{E2044A0D-CB5A-4958-AA66-8404D558687A}"
EndProject
Project("{8BC9CEB8-8B4A-11D0-8D11-00A0C91BC942}") = "H07T02", "H07T02\H07T02.vcxproj", "{A4F1B05F-6CE6-4E1C-90C2-A58229DEF852}"
EndProject
Project("{8BC9CEB8-8B4A-11D0-8D11-00A0C91BC942}") = "H08T01", "H08T01\H08T01.vcxproj", "{4A5EE56E-5142-4868-9D43-A7D961FD6DB7}"
EndProject
Project("{8BC9CEB8-8B4A-11D0-8D11-00A0C91BC942}") = "olio_ohjelmointi_2_harjoitustyö", "olio_ohjelmointi_2_harjoitustyö\olio_ohjelmointi_2_harjoitustyö.vcxproj", "{71F5E8C1-A610-4A58-9395-39E5C2E1F45D}"
EndProject
Project("{8BC9CEB8-8B4A-11D0-8D11-00A0C91BC942}") = "H90T02", "H0T02\H0T02.vcxproj", "{C0F424FC-C972-4B0E-B240-583A9E421FF4}"
EndProject
Global
	GlobalSection(SolutionConfigurationPlatforms) = preSolution
		Debug|x64 = Debug|x64
		Debug|x86 = Debug|x86
		Release|x64 = Release|x64
		Release|x86 = Release|x86
	EndGlobalSection
	GlobalSection(ProjectConfigurationPlatforms) = postSolution
		{CE9C977A-4EDC-4ED8-8AC0-CBDBC08B0944}.Debug|x64.ActiveCfg = Debug|x64
		{CE9C977A-4EDC-4ED8-8AC0-CBDBC08B0944}.Debug|x64.Build.0 = Debug|x64
		{CE9C977A-4EDC-4ED8-8AC0-CBDBC08B0944}.Debug|x86.ActiveCfg = Debug|Win32
		{CE9C977A-4EDC-4ED8-8AC0-CBDBC08B0944}.Debug|x86.Build.0 = Debug|Win32
		{CE9C977A-4EDC-4ED8-8AC0-CBDBC08B0944}.Release|x64.ActiveCfg = Release|x64
		{CE9C977A-4EDC-4ED8-8AC0-CBDBC08B0944}.Release|x64.Build.0 = Release|x64
		{CE9C977A-4EDC-4ED8-8AC0-CBDBC08B0944}.Release|x86.ActiveCfg = Release|Win32
		{CE9C977A-4EDC-4ED8-8AC0-CBDBC08B0944}.Release|x86.Build.0 = Release|Win32
		{BFD42A59-EBCA-4BA3-8068-F7EAA193674E}.Debug|x64.ActiveCfg = Debug|x64
		{BFD42A59-EBCA-4BA3-8068-F7EAA193674E}.Debug|x64.Build.0 = Debug|x64
		{BFD42A59-EBCA-4BA3-8068-F7EAA193674E}.Debug|x86.ActiveCfg = Debug|Win32
		{BFD42A59-EBCA-4BA3-8068-F7EAA193674E}.Debug|x86.Build.0 = Debug|Win32
		{BFD42A59-EBCA-4BA3-8068-F7EAA193674E}.Release|x64.ActiveCfg = Release|x64
		{BFD42A59-EBCA-4BA3-8068-F7EAA193674E}.Release|x64.Build.0 = Release|x64
		{BFD42A59-EBCA-4BA3-8068-F7EAA193674E}.Release|x86.ActiveCfg = Release|Win32
		{BFD42A59-EBCA-4BA3-8068-F7EAA193674E}.Release|x86.Build.0 = Release|Win32
		{73BFAC6B-C56D-4124-B286-160B2A16735E}.Debug|x64.ActiveCfg = Debug|x64
		{73BFAC6B-C56D-4124-B286-160B2A16735E}.Debug|x64.Build.0 = Debug|x64
		{73BFAC6B-C56D-4124-B286-160B2A16735E}.Debug|x86.ActiveCfg = Debug|Win32
		{73BFAC6B-C56D-4124-B286-160B2A16735E}.Debug|x86.Build.0 = Debug|Win32
		{73BFAC6B-C56D-4124-B286-160B2A16735E}.Release|x64.ActiveCfg = Release|x64
		{73BFAC6B-C56D-4124-B286-160B2A16735E}.Release|x64.Build.0 = Release|x64
		{73BFAC6B-C56D-4124-B286-160B2A16735E}.Release|x86.ActiveCfg = Release|Win32
		{73BFAC6B-C56D-4124-B286-160B2A16735E}.Release|x86.Build.0 = Release|Win32
		{BCF0810F-C7D1-4FB9-B680-B7120FC7E13F}.Debug|x64.ActiveCfg = Debug|x64
		{BCF0810F-C7D1-4FB9-B680-B7120FC7E13F}.Debug|x64.Build.0 = Debug|x64
		{BCF0810F-C7D1-4FB9-B680-B7120FC7E13F}.Debug|x86.ActiveCfg = Debug|Win32
		{BCF0810F-C7D1-4FB9-B680-B7120FC7E13F}.Debug|x86.Build.0 = Debug|Win32
		{BCF0810F-C7D1-4FB9-B680-B7120FC7E13F}.Release|x64.ActiveCfg = Release|x64
		{BCF0810F-C7D1-4FB9-B680-B7120FC7E13F}.Release|x64.Build.0 = Release|x64
		{BCF0810F-C7D1-4FB9-B680-B7120FC7E13F}.Release|x86.ActiveCfg = Release|Win32
		{BCF0810F-C7D1-4FB9-B680-B7120FC7E13F}.Release|x86.Build.0 = Release|Win32
		{64AAE871-F2DB-4120-BCBF-290F8868C7A3}.Debug|x64.ActiveCfg = Debug|x64
		{64AAE871-F2DB-4120-BCBF-290F8868C7A3}.Debug|x64.Build.0 = Debug|x64
		{64AAE871-F2DB-4120-BCBF-290F8868C7A3}.Debug|x86.ActiveCfg = Debug|Win32
		{64AAE871-F2DB-4120-BCBF-290F8868C7A3}.Debug|x86.Build.0 = Debug|Win32
		{64AAE871-F2DB-4120-BCBF-290F8868C7A3}.Release|x64.ActiveCfg = Release|x64
		{64AAE871-F2DB-4120-BCBF-290F8868C7A3}.Release|x64.Build.0 = Release|x64
		{64AAE871-F2DB-4120-BCBF-290F8868C7A3}.Release|x86.ActiveCfg = Release|Win32
		{64AAE871-F2DB-4120-BCBF-290F8868C7A3}.Release|x86.Build.0 = Release|Win32
		{EF21FA05-78BD-49DB-9CAB-49A5B59D736A}.Debug|x64.ActiveCfg = Debug|x64
		{EF21FA05-78BD-49DB-9CAB-49A5B59D736A}.Debug|x64.Build.0 = Debug|x64
		{EF21FA05-78BD-49DB-9CAB-49A5B59D736A}.Debug|x86.ActiveCfg = Debug|Win32
		{EF21FA05-78BD-49DB-9CAB-49A5B59D736A}.Debug|x86.Build.0 = Debug|Win32
		{EF21FA05-78BD-49DB-9CAB-49A5B59D736A}.Release|x64.ActiveCfg = Release|x64
		{EF21FA05-78BD-49DB-9CAB-49A5B59D736A}.Release|x64.Build.0 = Release|x64
		{EF21FA05-78BD-49DB-9CAB-49A5B59D736A}.Release|x86.ActiveCfg = Release|Win32
		{EF21FA05-78BD-49DB-9CAB-49A5B59D736A}.Release|x86.Build.0 = Release|Win32
		{C8BA33F6-125C-4D05-A1D2-C7A9FF4B90C1}.Debug|x64.ActiveCfg = Debug|x64
		{C8BA33F6-125C-4D05-A1D2-C7A9FF4B90C1}.Debug|x64.Build.0 = Debug|x64
		{C8BA33F6-125C-4D05-A1D2-C7A9FF4B90C1}.Debug|x86.ActiveCfg = Debug|Win32
		{C8BA33F6-125C-4D05-A1D2-C7A9FF4B90C1}.Debug|x86.Build.0 = Debug|Win32
		{C8BA33F6-125C-4D05-A1D2-C7A9FF4B90C1}.Release|x64.ActiveCfg = Release|x64
		{C8BA33F6-125C-4D05-A1D2-C7A9FF4B90C1}.Release|x64.Build.0 = Release|x64
		{C8BA33F6-125C-4D05-A1D2-C7A9FF4B90C1}.Release|x86.ActiveCfg = Release|Win32
		{C8BA33F6-125C-4D05-A1D2-C7A9FF4B90C1}.Release|x86.Build.0 = Release|Win32
		{9EAA9043-7548-44D0-9B1B-A5914A71C1AC}.Debug|x64.ActiveCfg = Debug|x64
		{9EAA9043-7548-44D0-9B1B-A5914A71C1AC}.Debug|x64.Build.0 = Debug|x64
		{9EAA9043-7548-44D0-9B1B-A5914A71C1AC}.Debug|x86.ActiveCfg = Debug|Win32
		{9EAA9043-7548-44D0-9B1B-A5914A71C1AC}.Debug|x86.Build.0 = Debug|Win32
		{9EAA9043-7548-44D0-9B1B-A5914A71C1AC}.Release|x64.ActiveCfg = Release|x64
		{9EAA9043-7548-44D0-9B1B-A5914A71C1AC}.Release|x64.Build.0 = Release|x64
		{9EAA9043-7548-44D0-9B1B-A5914A71C1AC}.Release|x86.ActiveCfg = Release|Win32
		{9EAA9043-7548-44D0-9B1B-A5914A71C1AC}.Release|x86.Build.0 = Release|Win32
		{8F9490F6-F2B1-42BE-B000-750A501F479C}.Debug|x64.ActiveCfg = Debug|x64
		{8F9490F6-F2B1-42BE-B000-750A501F479C}.Debug|x64.Build.0 = Debug|x64
		{8F9490F6-F2B1-42BE-B000-750A501F479C}.Debug|x86.ActiveCfg = Debug|Win32
		{8F9490F6-F2B1-42BE-B000-750A501F479C}.Debug|x86.Build.0 = Debug|Win32
		{8F9490F6-F2B1-42BE-B000-750A501F479C}.Release|x64.ActiveCfg = Release|x64
		{8F9490F6-F2B1-42BE-B000-750A501F479C}.Release|x64.Build.0 = Release|x64
		{8F9490F6-F2B1-42BE-B000-750A501F479C}.Release|x86.ActiveCfg = Release|Win32
		{8F9490F6-F2B1-42BE-B000-750A501F479C}.Release|x86.Build.0 = Release|Win32
		{1E066695-0B4C-480C-A537-5B4AC893171F}.Debug|x64.ActiveCfg = Debug|x64
		{1E066695-0B4C-480C-A537-5B4AC893171F}.Debug|x64.Build.0 = Debug|x64
		{1E066695-0B4C-480C-A537-5B4AC893171F}.Debug|x86.ActiveCfg = Debug|Win32
		{1E066695-0B4C-480C-A537-5B4AC893171F}.Debug|x86.Build.0 = Debug|Win32
		{1E066695-0B4C-480C-A537-5B4AC893171F}.Release|x64.ActiveCfg = Release|x64
		{1E066695-0B4C-480C-A537-5B4AC893171F}.Release|x64.Build.0 = Release|x64
		{1E066695-0B4C-480C-A537-5B4AC893171F}.Release|x86.ActiveCfg = Release|Win32
		{1E066695-0B4C-480C-A537-5B4AC893171F}.Release|x86.Build.0 = Release|Win32
		{FD9D96C4-1333-468F-8878-01369CD55B7A}.Debug|x64.ActiveCfg = Debug|x64
		{FD9D96C4-1333-468F-8878-01369CD55B7A}.Debug|x64.Build.0 = Debug|x64
		{FD9D96C4-1333-468F-8878-01369CD55B7A}.Debug|x86.ActiveCfg = Debug|Win32
		{FD9D96C4-1333-468F-8878-01369CD55B7A}.Debug|x86.Build.0 = Debug|Win32
		{FD9D96C4-1333-468F-8878-01369CD55B7A}.Release|x64.ActiveCfg = Release|x64
		{FD9D96C4-1333-468F-8878-01369CD55B7A}.Release|x64.Build.0 = Release|x64
		{FD9D96C4-1333-468F-8878-01369CD55B7A}.Release|x86.ActiveCfg = Release|Win32
		{FD9D96C4-1333-468F-8878-01369CD55B7A}.Release|x86.Build.0 = Release|Win32
		{C2E9D5B0-D801-4D28-9937-D1A41D27821C}.Debug|x64.ActiveCfg = Debug|x64
		{C2E9D5B0-D801-4D28-9937-D1A41D27821C}.Debug|x64.Build.0 = Debug|x64
		{C2E9D5B0-D801-4D28-9937-D1A41D27821C}.Debug|x86.ActiveCfg = Debug|Win32
		{C2E9D5B0-D801-4D28-9937-D1A41D27821C}.Debug|x86.Build.0 = Debug|Win32
		{C2E9D5B0-D801-4D28-9937-D1A41D27821C}.Release|x64.ActiveCfg = Release|x64
		{C2E9D5B0-D801-4D28-9937-D1A41D27821C}.Release|x64.Build.0 = Release|x64
		{C2E9D5B0-D801-4D28-9937-D1A41D27821C}.Release|x86.ActiveCfg = Release|Win32
		{C2E9D5B0-D801-4D28-9937-D1A41D27821C}.Release|x86.Build.0 = Release|Win32
		{E2044A0D-CB5A-4958-AA66-8404D558687A}.Debug|x64.ActiveCfg = Debug|x64
		{E2044A0D-CB5A-4958-AA66-8404D558687A}.Debug|x64.Build.0 = Debug|x64
		{E2044A0D-CB5A-4958-AA66-8404D558687A}.Debug|x86.ActiveCfg = Debug|Win32
		{E2044A0D-CB5A-4958-AA66-8404D558687A}.Debug|x86.Build.0 = Debug|Win32
		{E2044A0D-CB5A-4958-AA66-8404D558687A}.Release|x64.ActiveCfg = Release|x64
		{E2044A0D-CB5A-4958-AA66-8404D558687A}.Release|x64.Build.0 = Release|x64
		{E2044A0D-CB5A-4958-AA66-8404D558687A}.Release|x86.ActiveCfg = Release|Win32
		{E2044A0D-CB5A-4958-AA66-8404D558687A}.Release|x86.Build.0 = Release|Win32
		{A4F1B05F-6CE6-4E1C-90C2-A58229DEF852}.Debug|x64.ActiveCfg = Debug|x64
		{A4F1B05F-6CE6-4E1C-90C2-A58229DEF852}.Debug|x64.Build.0 = Debug|x64
		{A4F1B05F-6CE6-4E1C-90C2-A58229DEF852}.Debug|x86.ActiveCfg = Debug|Win32
		{A4F1B05F-6CE6-4E1C-90C2-A58229DEF852}.Debug|x86.Build.0 = Debug|Win32
		{A4F1B05F-6CE6-4E1C-90C2-A58229DEF852}.Release|x64.ActiveCfg = Release|x64
		{A4F1B05F-6CE6-4E1C-90C2-A58229DEF852}.Release|x64.Build.0 = Release|x64
		{A4F1B05F-6CE6-4E1C-90C2-A58229DEF852}.Release|x86.ActiveCfg = Release|Win32
		{A4F1B05F-6CE6-4E1C-90C2-A58229DEF852}.Release|x86.Build.0 = Release|Win32
		{4A5EE56E-5142-4868-9D43-A7D961FD6DB7}.Debug|x64.ActiveCfg = Debug|x64
		{4A5EE56E-5142-4868-9D43-A7D961FD6DB7}.Debug|x64.Build.0 = Debug|x64
		{4A5EE56E-5142-4868-9D43-A7D961FD6DB7}.Debug|x86.ActiveCfg = Debug|Win32
		{4A5EE56E-5142-4868-9D43-A7D961FD6DB7}.Debug|x86.Build.0 = Debug|Win32
		{4A5EE56E-5142-4868-9D43-A7D961FD6DB7}.Release|x64.ActiveCfg = Release|x64
		{4A5EE56E-5142-4868-9D43-A7D961FD6DB7}.Release|x64.Build.0 = Release|x64
		{4A5EE56E-5142-4868-9D43-A7D961FD6DB7}.Release|x86.ActiveCfg = Release|Win32
		{4A5EE56E-5142-4868-9D43-A7D961FD6DB7}.Release|x86.Build.0 = Release|Win32
		{71F5E8C1-A610-4A58-9395-39E5C2E1F45D}.Debug|x64.ActiveCfg = Debug|x64
		{71F5E8C1-A610-4A58-9395-39E5C2E1F45D}.Debug|x64.Build.0 = Debug|x64
		{71F5E8C1-A610-4A58-9395-39E5C2E1F45D}.Debug|x86.ActiveCfg = Debug|Win32
		{71F5E8C1-A610-4A58-9395-39E5C2E1F45D}.Debug|x86.Build.0 = Debug|Win32
		{71F5E8C1-A610-4A58-9395-39E5C2E1F45D}.Release|x64.ActiveCfg = Release|x64
		{71F5E8C1-A610-4A58-9395-39E5C2E1F45D}.Release|x64.Build.0 = Release|x64
		{71F5E8C1-A610-4A58-9395-39E5C2E1F45D}.Release|x86.ActiveCfg = Release|Win32
		{71F5E8C1-A610-4A58-9395-39E5C2E1F45D}.Release|x86.Build.0 = Release|Win32
		{C0F424FC-C972-4B0E-B240-583A9E421FF4}.Debug|x64.ActiveCfg = Debug|x64
		{C0F424FC-C972-4B0E-B240-583A9E421FF4}.Debug|x64.Build.0 = Debug|x64
		{C0F424FC-C972-4B0E-B240-583A9E421FF4}.Debug|x86.ActiveCfg = Debug|Win32
		{C0F424FC-C972-4B0E-B240-583A9E421FF4}.Debug|x86.Build.0 = Debug|Win32
		{C0F424FC-C972-4B0E-B240-583A9E421FF4}.Release|x64.ActiveCfg = Release|x64
		{C0F424FC-C972-4B0E-B240-583A9E421FF4}.Release|x64.Build.0 = Release|x64
		{C0F424FC-C972-4B0E-B240-583A9E421FF4}.Release|x86.ActiveCfg = Release|Win32
		{C0F424FC-C972-4B0E-B240-583A9E421FF4}.Release|x86.Build.0 = Release|Win32
	EndGlobalSection
	GlobalSection(SolutionProperties) = preSolution
		HideSolutionNode = FALSE
	EndGlobalSection
EndGlobal
